// !$*UTF8*$!
{
	archiveVersion = 1;
	classes = {
	};
	objectVersion = 56;
	objects = {

/* Begin PBXBuildFile section */
		BFEEDBDB297BC9F400EC2417 /* AppDelegate.swift in Sources */ = {isa = PBXBuildFile; fileRef = BFEEDBDA297BC9F400EC2417 /* AppDelegate.swift */; };
		BFEEDBDD297BC9F400EC2417 /* SceneDelegate.swift in Sources */ = {isa = PBXBuildFile; fileRef = BFEEDBDC297BC9F400EC2417 /* SceneDelegate.swift */; };
		BFEEDBDF297BC9F400EC2417 /* MainTabBarViewController.swift in Sources */ = {isa = PBXBuildFile; fileRef = BFEEDBDE297BC9F400EC2417 /* MainTabBarViewController.swift */; };
		BFEEDBE4297BC9F600EC2417 /* Assets.xcassets in Resources */ = {isa = PBXBuildFile; fileRef = BFEEDBE3297BC9F600EC2417 /* Assets.xcassets */; };
		BFEEDBE7297BC9F600EC2417 /* LaunchScreen.storyboard in Resources */ = {isa = PBXBuildFile; fileRef = BFEEDBE5297BC9F600EC2417 /* LaunchScreen.storyboard */; };
		BFEEDBF0297BCB5D00EC2417 /* HomeViewController.swift in Sources */ = {isa = PBXBuildFile; fileRef = BFEEDBEF297BCB5D00EC2417 /* HomeViewController.swift */; };
		BFEEDBF2297BCB8600EC2417 /* UpcomingViewController.swift in Sources */ = {isa = PBXBuildFile; fileRef = BFEEDBF1297BCB8600EC2417 /* UpcomingViewController.swift */; };
		BFEEDBF4297BCB9E00EC2417 /* SearchViewController.swift in Sources */ = {isa = PBXBuildFile; fileRef = BFEEDBF3297BCB9E00EC2417 /* SearchViewController.swift */; };
		BFEEDBF6297BCBBF00EC2417 /* DownloadsViewController.swift in Sources */ = {isa = PBXBuildFile; fileRef = BFEEDBF5297BCBBF00EC2417 /* DownloadsViewController.swift */; };
		BFEEDBFD297BD37B00EC2417 /* CollectionViewTableViewCell.swift in Sources */ = {isa = PBXBuildFile; fileRef = BFEEDBFC297BD37B00EC2417 /* CollectionViewTableViewCell.swift */; };
		BFEEDBFF297BDBD100EC2417 /* HeroHeaderUIView.swift in Sources */ = {isa = PBXBuildFile; fileRef = BFEEDBFE297BDBD100EC2417 /* HeroHeaderUIView.swift */; };
		BFEEDC15297E481700EC2417 /* APICaller.swift in Sources */ = {isa = PBXBuildFile; fileRef = BFEEDC14297E481700EC2417 /* APICaller.swift */; };
		BFEEDC17297E4C5700EC2417 /* Movie.swift in Sources */ = {isa = PBXBuildFile; fileRef = BFEEDC16297E4C5700EC2417 /* Movie.swift */; };
		BFEEDC19297E502200EC2417 /* Extensions.swift in Sources */ = {isa = PBXBuildFile; fileRef = BFEEDC18297E502200EC2417 /* Extensions.swift */; };
		BFEEDC1B297E52E500EC2417 /* Tv.swift in Sources */ = {isa = PBXBuildFile; fileRef = BFEEDC1A297E52E500EC2417 /* Tv.swift */; };
/* End PBXBuildFile section */

/* Begin PBXFileReference section */
		BFEEDBD7297BC9F400EC2417 /* Netflix Clone.app */ = {isa = PBXFileReference; explicitFileType = wrapper.application; includeInIndex = 0; path = "Netflix Clone.app"; sourceTree = BUILT_PRODUCTS_DIR; };
		BFEEDBDA297BC9F400EC2417 /* AppDelegate.swift */ = {isa = PBXFileReference; lastKnownFileType = sourcecode.swift; path = AppDelegate.swift; sourceTree = "<group>"; };
		BFEEDBDC297BC9F400EC2417 /* SceneDelegate.swift */ = {isa = PBXFileReference; lastKnownFileType = sourcecode.swift; path = SceneDelegate.swift; sourceTree = "<group>"; };
		BFEEDBDE297BC9F400EC2417 /* MainTabBarViewController.swift */ = {isa = PBXFileReference; lastKnownFileType = sourcecode.swift; path = MainTabBarViewController.swift; sourceTree = "<group>"; };
		BFEEDBE3297BC9F600EC2417 /* Assets.xcassets */ = {isa = PBXFileReference; lastKnownFileType = folder.assetcatalog; path = Assets.xcassets; sourceTree = "<group>"; };
		BFEEDBE6297BC9F600EC2417 /* Base */ = {isa = PBXFileReference; lastKnownFileType = file.storyboard; name = Base; path = Base.lproj/LaunchScreen.storyboard; sourceTree = "<group>"; };
		BFEEDBE8297BC9F600EC2417 /* Info.plist */ = {isa = PBXFileReference; lastKnownFileType = text.plist.xml; path = Info.plist; sourceTree = "<group>"; };
		BFEEDBEF297BCB5D00EC2417 /* HomeViewController.swift */ = {isa = PBXFileReference; lastKnownFileType = sourcecode.swift; path = HomeViewController.swift; sourceTree = "<group>"; };
		BFEEDBF1297BCB8600EC2417 /* UpcomingViewController.swift */ = {isa = PBXFileReference; lastKnownFileType = sourcecode.swift; path = UpcomingViewController.swift; sourceTree = "<group>"; };
		BFEEDBF3297BCB9E00EC2417 /* SearchViewController.swift */ = {isa = PBXFileReference; lastKnownFileType = sourcecode.swift; path = SearchViewController.swift; sourceTree = "<group>"; };
		BFEEDBF5297BCBBF00EC2417 /* DownloadsViewController.swift */ = {isa = PBXFileReference; lastKnownFileType = sourcecode.swift; path = DownloadsViewController.swift; sourceTree = "<group>"; };
		BFEEDBFC297BD37B00EC2417 /* CollectionViewTableViewCell.swift */ = {isa = PBXFileReference; lastKnownFileType = sourcecode.swift; path = CollectionViewTableViewCell.swift; sourceTree = "<group>"; };
		BFEEDBFE297BDBD100EC2417 /* HeroHeaderUIView.swift */ = {isa = PBXFileReference; lastKnownFileType = sourcecode.swift; path = HeroHeaderUIView.swift; sourceTree = "<group>"; };
		BFEEDC14297E481700EC2417 /* APICaller.swift */ = {isa = PBXFileReference; lastKnownFileType = sourcecode.swift; path = APICaller.swift; sourceTree = "<group>"; };
		BFEEDC16297E4C5700EC2417 /* Movie.swift */ = {isa = PBXFileReference; lastKnownFileType = sourcecode.swift; path = Movie.swift; sourceTree = "<group>"; };
		BFEEDC18297E502200EC2417 /* Extensions.swift */ = {isa = PBXFileReference; lastKnownFileType = sourcecode.swift; path = Extensions.swift; sourceTree = "<group>"; };
		BFEEDC1A297E52E500EC2417 /* Tv.swift */ = {isa = PBXFileReference; lastKnownFileType = sourcecode.swift; path = Tv.swift; sourceTree = "<group>"; };
/* End PBXFileReference section */

/* Begin PBXFrameworksBuildPhase section */
		BFEEDBD4297BC9F400EC2417 /* Frameworks */ = {
			isa = PBXFrameworksBuildPhase;
			buildActionMask = 2147483647;
			files = (
			);
			runOnlyForDeploymentPostprocessing = 0;
		};
/* End PBXFrameworksBuildPhase section */

/* Begin PBXGroup section */
		BFEEDBCE297BC9F400EC2417 = {
			isa = PBXGroup;
			children = (
				BFEEDBD9297BC9F400EC2417 /* Netflix Clone */,
				BFEEDBD8297BC9F400EC2417 /* Products */,
			);
			sourceTree = "<group>";
		};
		BFEEDBD8297BC9F400EC2417 /* Products */ = {
			isa = PBXGroup;
			children = (
				BFEEDBD7297BC9F400EC2417 /* Netflix Clone.app */,
			);
			name = Products;
			sourceTree = "<group>";
		};
		BFEEDBD9297BC9F400EC2417 /* Netflix Clone */ = {
			isa = PBXGroup;
			children = (
				BFEEDC13297E480400EC2417 /* New Group */,
				BFEEDBFB297BD34600EC2417 /* Managers */,
				BFEEDBFA297BD33F00EC2417 /* Resources */,
				BFEEDBF9297BD32200EC2417 /* Models */,
				BFEEDBF8297BD31800EC2417 /* ViewModels */,
				BFEEDBF7297BD30C00EC2417 /* Views */,
				BFEEDBDA297BC9F400EC2417 /* AppDelegate.swift */,
				BFEEDBEE297BCB4700EC2417 /* Controllers */,
				BFEEDBDC297BC9F400EC2417 /* SceneDelegate.swift */,
				BFEEDBDE297BC9F400EC2417 /* MainTabBarViewController.swift */,
				BFEEDBE3297BC9F600EC2417 /* Assets.xcassets */,
				BFEEDBE5297BC9F600EC2417 /* LaunchScreen.storyboard */,
				BFEEDBE8297BC9F600EC2417 /* Info.plist */,
			);
			path = "Netflix Clone";
			sourceTree = "<group>";
		};
		BFEEDBEE297BCB4700EC2417 /* Controllers */ = {
			isa = PBXGroup;
			children = (
				BFEEDBEF297BCB5D00EC2417 /* HomeViewController.swift */,
				BFEEDBF1297BCB8600EC2417 /* UpcomingViewController.swift */,
				BFEEDBF3297BCB9E00EC2417 /* SearchViewController.swift */,
				BFEEDBF5297BCBBF00EC2417 /* DownloadsViewController.swift */,
			);
			path = Controllers;
			sourceTree = "<group>";
		};
		BFEEDBF7297BD30C00EC2417 /* Views */ = {
			isa = PBXGroup;
			children = (
				BFEEDBFC297BD37B00EC2417 /* CollectionViewTableViewCell.swift */,
				BFEEDBFE297BDBD100EC2417 /* HeroHeaderUIView.swift */,
			);
			path = Views;
			sourceTree = "<group>";
		};
		BFEEDBF8297BD31800EC2417 /* ViewModels */ = {
			isa = PBXGroup;
			children = (
			);
			path = ViewModels;
			sourceTree = "<group>";
		};
		BFEEDBF9297BD32200EC2417 /* Models */ = {
			isa = PBXGroup;
			children = (
				BFEEDC16297E4C5700EC2417 /* Movie.swift */,
				BFEEDC1A297E52E500EC2417 /* Tv.swift */,
			);
			path = Models;
			sourceTree = "<group>";
		};
		BFEEDBFA297BD33F00EC2417 /* Resources */ = {
			isa = PBXGroup;
			children = (
				BFEEDC18297E502200EC2417 /* Extensions.swift */,
			);
			path = Resources;
			sourceTree = "<group>";
		};
		BFEEDBFB297BD34600EC2417 /* Managers */ = {
			isa = PBXGroup;
			children = (
				BFEEDC14297E481700EC2417 /* APICaller.swift */,
			);
			path = Managers;
			sourceTree = "<group>";
		};
		BFEEDC13297E480400EC2417 /* New Group */ = {
			isa = PBXGroup;
			children = (
			);
			path = "New Group";
			sourceTree = "<group>";
		};
/* End PBXGroup section */

/* Begin PBXNativeTarget section */
		BFEEDBD6297BC9F400EC2417 /* Netflix Clone */ = {
			isa = PBXNativeTarget;
			buildConfigurationList = BFEEDBEB297BC9F600EC2417 /* Build configuration list for PBXNativeTarget "Netflix Clone" */;
			buildPhases = (
				BFEEDBD3297BC9F400EC2417 /* Sources */,
				BFEEDBD4297BC9F400EC2417 /* Frameworks */,
				BFEEDBD5297BC9F400EC2417 /* Resources */,
			);
			buildRules = (
			);
			dependencies = (
			);
			name = "Netflix Clone";
			productName = "Netflix Clone";
			productReference = BFEEDBD7297BC9F400EC2417 /* Netflix Clone.app */;
			productType = "com.apple.product-type.application";
		};
/* End PBXNativeTarget section */

/* Begin PBXProject section */
		BFEEDBCF297BC9F400EC2417 /* Project object */ = {
			isa = PBXProject;
			attributes = {
				BuildIndependentTargetsInParallel = 1;
				LastSwiftUpdateCheck = 1420;
				LastUpgradeCheck = 1420;
				TargetAttributes = {
					BFEEDBD6297BC9F400EC2417 = {
						CreatedOnToolsVersion = 14.2;
					};
				};
			};
			buildConfigurationList = BFEEDBD2297BC9F400EC2417 /* Build configuration list for PBXProject "Netflix Clone" */;
			compatibilityVersion = "Xcode 14.0";
			developmentRegion = en;
			hasScannedForEncodings = 0;
			knownRegions = (
				en,
				Base,
			);
			mainGroup = BFEEDBCE297BC9F400EC2417;
			productRefGroup = BFEEDBD8297BC9F400EC2417 /* Products */;
			projectDirPath = "";
			projectRoot = "";
			targets = (
				BFEEDBD6297BC9F400EC2417 /* Netflix Clone */,
			);
		};
/* End PBXProject section */

/* Begin PBXResourcesBuildPhase section */
		BFEEDBD5297BC9F400EC2417 /* Resources */ = {
			isa = PBXResourcesBuildPhase;
			buildActionMask = 2147483647;
			files = (
				BFEEDBE7297BC9F600EC2417 /* LaunchScreen.storyboard in Resources */,
				BFEEDBE4297BC9F600EC2417 /* Assets.xcassets in Resources */,
			);
			runOnlyForDeploymentPostprocessing = 0;
		};
/* End PBXResourcesBuildPhase section */

/* Begin PBXSourcesBuildPhase section */
		BFEEDBD3297BC9F400EC2417 /* Sources */ = {
			isa = PBXSourcesBuildPhase;
			buildActionMask = 2147483647;
			files = (
				BFEEDBF4297BCB9E00EC2417 /* SearchViewController.swift in Sources */,
				BFEEDBDF297BC9F400EC2417 /* MainTabBarViewController.swift in Sources */,
				BFEEDBFD297BD37B00EC2417 /* CollectionViewTableViewCell.swift in Sources */,
				BFEEDC15297E481700EC2417 /* APICaller.swift in Sources */,
				BFEEDBFF297BDBD100EC2417 /* HeroHeaderUIView.swift in Sources */,
				BFEEDBF6297BCBBF00EC2417 /* DownloadsViewController.swift in Sources */,
				BFEEDBDB297BC9F400EC2417 /* AppDelegate.swift in Sources */,
				BFEEDC19297E502200EC2417 /* Extensions.swift in Sources */,
				BFEEDBDD297BC9F400EC2417 /* SceneDelegate.swift in Sources */,
				BFEEDBF2297BCB8600EC2417 /* UpcomingViewController.swift in Sources */,
				BFEEDC17297E4C5700EC2417 /* Movie.swift in Sources */,
				BFEEDC1B297E52E500EC2417 /* Tv.swift in Sources */,
				BFEEDBF0297BCB5D00EC2417 /* HomeViewController.swift in Sources */,
			);
			runOnlyForDeploymentPostprocessing = 0;
		};
/* End PBXSourcesBuildPhase section */

/* Begin PBXVariantGroup section */
		BFEEDBE5297BC9F600EC2417 /* LaunchScreen.storyboard */ = {
			isa = PBXVariantGroup;
			children = (
				BFEEDBE6297BC9F600EC2417 /* Base */,
			);
			name = LaunchScreen.storyboard;
			sourceTree = "<group>";
		};
/* End PBXVariantGroup section */

/* Begin XCBuildConfiguration section */
		BFEEDBE9297BC9F600EC2417 /* Debug */ = {
			isa = XCBuildConfiguration;
			buildSettings = {
				ALWAYS_SEARCH_USER_PATHS = NO;
				CLANG_ANALYZER_NONNULL = YES;
				CLANG_ANALYZER_NUMBER_OBJECT_CONVERSION = YES_AGGRESSIVE;
				CLANG_CXX_LANGUAGE_STANDARD = "gnu++20";
				CLANG_ENABLE_MODULES = YES;
				CLANG_ENABLE_OBJC_ARC = YES;
				CLANG_ENABLE_OBJC_WEAK = YES;
				CLANG_WARN_BLOCK_CAPTURE_AUTORELEASING = YES;
				CLANG_WARN_BOOL_CONVERSION = YES;
				CLANG_WARN_COMMA = YES;
				CLANG_WARN_CONSTANT_CONVERSION = YES;
				CLANG_WARN_DEPRECATED_OBJC_IMPLEMENTATIONS = YES;
				CLANG_WARN_DIRECT_OBJC_ISA_USAGE = YES_ERROR;
				CLANG_WARN_DOCUMENTATION_COMMENTS = YES;
				CLANG_WARN_EMPTY_BODY = YES;
				CLANG_WARN_ENUM_CONVERSION = YES;
				CLANG_WARN_INFINITE_RECURSION = YES;
				CLANG_WARN_INT_CONVERSION = YES;
				CLANG_WARN_NON_LITERAL_NULL_CONVERSION = YES;
				CLANG_WARN_OBJC_IMPLICIT_RETAIN_SELF = YES;
				CLANG_WARN_OBJC_LITERAL_CONVERSION = YES;
				CLANG_WARN_OBJC_ROOT_CLASS = YES_ERROR;
				CLANG_WARN_QUOTED_INCLUDE_IN_FRAMEWORK_HEADER = YES;
				CLANG_WARN_RANGE_LOOP_ANALYSIS = YES;
				CLANG_WARN_STRICT_PROTOTYPES = YES;
				CLANG_WARN_SUSPICIOUS_MOVE = YES;
				CLANG_WARN_UNGUARDED_AVAILABILITY = YES_AGGRESSIVE;
				CLANG_WARN_UNREACHABLE_CODE = YES;
				CLANG_WARN__DUPLICATE_METHOD_MATCH = YES;
				COPY_PHASE_STRIP = NO;
				DEBUG_INFORMATION_FORMAT = dwarf;
				ENABLE_STRICT_OBJC_MSGSEND = YES;
				ENABLE_TESTABILITY = YES;
				GCC_C_LANGUAGE_STANDARD = gnu11;
				GCC_DYNAMIC_NO_PIC = NO;
				GCC_NO_COMMON_BLOCKS = YES;
				GCC_OPTIMIZATION_LEVEL = 0;
				GCC_PREPROCESSOR_DEFINITIONS = (
					"DEBUG=1",
					"$(inherited)",
				);
				GCC_WARN_64_TO_32_BIT_CONVERSION = YES;
				GCC_WARN_ABOUT_RETURN_TYPE = YES_ERROR;
				GCC_WARN_UNDECLARED_SELECTOR = YES;
				GCC_WARN_UNINITIALIZED_AUTOS = YES_AGGRESSIVE;
				GCC_WARN_UNUSED_FUNCTION = YES;
				GCC_WARN_UNUSED_VARIABLE = YES;
				IPHONEOS_DEPLOYMENT_TARGET = 16.2;
				MTL_ENABLE_DEBUG_INFO = INCLUDE_SOURCE;
				MTL_FAST_MATH = YES;
				ONLY_ACTIVE_ARCH = YES;
				SDKROOT = iphoneos;
				SWIFT_ACTIVE_COMPILATION_CONDITIONS = DEBUG;
				SWIFT_OPTIMIZATION_LEVEL = "-Onone";
			};
			name = Debug;
		};
		BFEEDBEA297BC9F600EC2417 /* Release */ = {
			isa = XCBuildConfiguration;
			buildSettings = {
				ALWAYS_SEARCH_USER_PATHS = NO;
				CLANG_ANALYZER_NONNULL = YES;
				CLANG_ANALYZER_NUMBER_OBJECT_CONVERSION = YES_AGGRESSIVE;
				CLANG_CXX_LANGUAGE_STANDARD = "gnu++20";
				CLANG_ENABLE_MODULES = YES;
				CLANG_ENABLE_OBJC_ARC = YES;
				CLANG_ENABLE_OBJC_WEAK = YES;
				CLANG_WARN_BLOCK_CAPTURE_AUTORELEASING = YES;
				CLANG_WARN_BOOL_CONVERSION = YES;
				CLANG_WARN_COMMA = YES;
				CLANG_WARN_CONSTANT_CONVERSION = YES;
				CLANG_WARN_DEPRECATED_OBJC_IMPLEMENTATIONS = YES;
				CLANG_WARN_DIRECT_OBJC_ISA_USAGE = YES_ERROR;
				CLANG_WARN_DOCUMENTATION_COMMENTS = YES;
				CLANG_WARN_EMPTY_BODY = YES;
				CLANG_WARN_ENUM_CONVERSION = YES;
				CLANG_WARN_INFINITE_RECURSION = YES;
				CLANG_WARN_INT_CONVERSION = YES;
				CLANG_WARN_NON_LITERAL_NULL_CONVERSION = YES;
				CLANG_WARN_OBJC_IMPLICIT_RETAIN_SELF = YES;
				CLANG_WARN_OBJC_LITERAL_CONVERSION = YES;
				CLANG_WARN_OBJC_ROOT_CLASS = YES_ERROR;
				CLANG_WARN_QUOTED_INCLUDE_IN_FRAMEWORK_HEADER = YES;
				CLANG_WARN_RANGE_LOOP_ANALYSIS = YES;
				CLANG_WARN_STRICT_PROTOTYPES = YES;
				CLANG_WARN_SUSPICIOUS_MOVE = YES;
				CLANG_WARN_UNGUARDED_AVAILABILITY = YES_AGGRESSIVE;
				CLANG_WARN_UNREACHABLE_CODE = YES;
				CLANG_WARN__DUPLICATE_METHOD_MATCH = YES;
				COPY_PHASE_STRIP = NO;
				DEBUG_INFORMATION_FORMAT = "dwarf-with-dsym";
				ENABLE_NS_ASSERTIONS = NO;
				ENABLE_STRICT_OBJC_MSGSEND = YES;
				GCC_C_LANGUAGE_STANDARD = gnu11;
				GCC_NO_COMMON_BLOCKS = YES;
				GCC_WARN_64_TO_32_BIT_CONVERSION = YES;
				GCC_WARN_ABOUT_RETURN_TYPE = YES_ERROR;
				GCC_WARN_UNDECLARED_SELECTOR = YES;
				GCC_WARN_UNINITIALIZED_AUTOS = YES_AGGRESSIVE;
				GCC_WARN_UNUSED_FUNCTION = YES;
				GCC_WARN_UNUSED_VARIABLE = YES;
				IPHONEOS_DEPLOYMENT_TARGET = 16.2;
				MTL_ENABLE_DEBUG_INFO = NO;
				MTL_FAST_MATH = YES;
				SDKROOT = iphoneos;
				SWIFT_COMPILATION_MODE = wholemodule;
				SWIFT_OPTIMIZATION_LEVEL = "-O";
				VALIDATE_PRODUCT = YES;
			};
			name = Release;
		};
		BFEEDBEC297BC9F600EC2417 /* Debug */ = {
			isa = XCBuildConfiguration;
			buildSettings = {
				ASSETCATALOG_COMPILER_APPICON_NAME = AppIcon;
				ASSETCATALOG_COMPILER_GLOBAL_ACCENT_COLOR_NAME = AccentColor;
				CODE_SIGN_STYLE = Automatic;
				CURRENT_PROJECT_VERSION = 1;
				DEVELOPMENT_TEAM = MW8J28522L;
				GENERATE_INFOPLIST_FILE = YES;
				INFOPLIST_FILE = "Netflix Clone/Info.plist";
				INFOPLIST_KEY_UIApplicationSupportsIndirectInputEvents = YES;
				INFOPLIST_KEY_UILaunchStoryboardName = LaunchScreen;
				INFOPLIST_KEY_UISupportedInterfaceOrientations_iPad = "UIInterfaceOrientationPortrait UIInterfaceOrientationPortraitUpsideDown UIInterfaceOrientationLandscapeLeft UIInterfaceOrientationLandscapeRight";
				INFOPLIST_KEY_UISupportedInterfaceOrientations_iPhone = "UIInterfaceOrientationPortrait UIInterfaceOrientationLandscapeLeft UIInterfaceOrientationLandscapeRight";
				LD_RUNPATH_SEARCH_PATHS = (
					"$(inherited)",
					"@executable_path/Frameworks",
				);
				MARKETING_VERSION = 1.0;
				PRODUCT_BUNDLE_IDENTIFIER = "com.Netflix-Clone";
				PRODUCT_NAME = "$(TARGET_NAME)";
				SUPPORTED_PLATFORMS = "iphoneos iphonesimulator";
				SUPPORTS_MACCATALYST = NO;
				SUPPORTS_MAC_DESIGNED_FOR_IPHONE_IPAD = NO;
				SWIFT_EMIT_LOC_STRINGS = YES;
				SWIFT_VERSION = 5.0;
				TARGETED_DEVICE_FAMILY = "1,2";
			};
			name = Debug;
		};
		BFEEDBED297BC9F600EC2417 /* Release */ = {
			isa = XCBuildConfiguration;
			buildSettings = {
				ASSETCATALOG_COMPILER_APPICON_NAME = AppIcon;
				ASSETCATALOG_COMPILER_GLOBAL_ACCENT_COLOR_NAME = AccentColor;
				CODE_SIGN_STYLE = Automatic;
				CURRENT_PROJECT_VERSION = 1;
				DEVELOPMENT_TEAM = MW8J28522L;
				GENERATE_INFOPLIST_FILE = YES;
				INFOPLIST_FILE = "Netflix Clone/Info.plist";
				INFOPLIST_KEY_UIApplicationSupportsIndirectInputEvents = YES;
				INFOPLIST_KEY_UILaunchStoryboardName = LaunchScreen;
				INFOPLIST_KEY_UISupportedInterfaceOrientations_iPad = "UIInterfaceOrientationPortrait UIInterfaceOrientationPortraitUpsideDown UIInterfaceOrientationLandscapeLeft UIInterfaceOrientationLandscapeRight";
				INFOPLIST_KEY_UISupportedInterfaceOrientations_iPhone = "UIInterfaceOrientationPortrait UIInterfaceOrientationLandscapeLeft UIInterfaceOrientationLandscapeRight";
				LD_RUNPATH_SEARCH_PATHS = (
					"$(inherited)",
					"@executable_path/Frameworks",
				);
				MARKETING_VERSION = 1.0;
				PRODUCT_BUNDLE_IDENTIFIER = "com.Netflix-Clone";
				PRODUCT_NAME = "$(TARGET_NAME)";
				SUPPORTED_PLATFORMS = "iphoneos iphonesimulator";
				SUPPORTS_MACCATALYST = NO;
				SUPPORTS_MAC_DESIGNED_FOR_IPHONE_IPAD = NO;
				SWIFT_EMIT_LOC_STRINGS = YES;
				SWIFT_VERSION = 5.0;
				TARGETED_DEVICE_FAMILY = "1,2";
			};
			name = Release;
		};
/* End XCBuildConfiguration section */

/* Begin XCConfigurationList section */
		BFEEDBD2297BC9F400EC2417 /* Build configuration list for PBXProject "Netflix Clone" */ = {
			isa = XCConfigurationList;
			buildConfigurations = (
				BFEEDBE9297BC9F600EC2417 /* Debug */,
				BFEEDBEA297BC9F600EC2417 /* Release */,
			);
			defaultConfigurationIsVisible = 0;
			defaultConfigurationName = Release;
		};
		BFEEDBEB297BC9F600EC2417 /* Build configuration list for PBXNativeTarget "Netflix Clone" */ = {
			isa = XCConfigurationList;
			buildConfigurations = (
				BFEEDBEC297BC9F600EC2417 /* Debug */,
				BFEEDBED297BC9F600EC2417 /* Release */,
			);
			defaultConfigurationIsVisible = 0;
			defaultConfigurationName = Release;
		};
/* End XCConfigurationList section */
	};
	rootObject = BFEEDBCF297BC9F400EC2417 /* Project object */;
}
